<?xml version="1.0" encoding="utf-8"?>
<Project ToolsVersion="4.0" xmlns="http://schemas.microsoft.com/developer/msbuild/2003">
  <ItemGroup>
    <ClCompile Include="Render\Camera.cpp">
      <Filter>Render</Filter>
    </ClCompile>
    <ClCompile Include="Render\Render.cpp">
      <Filter>Render</Filter>
    </ClCompile>
    <ClCompile Include="main.cpp" />
    <ClCompile Include="callbacks.cpp" />
    <ClCompile Include="Scene.cpp">
      <Filter>Scenes</Filter>
    </ClCompile>
    <ClCompile Include="Scene1.cpp">
      <Filter>Scenes</Filter>
    </ClCompile>
    <ClCompile Include="Scene2.cpp">
      <Filter>Scenes</Filter>
    </ClCompile>
    <ClCompile Include="Scene3.cpp">
      <Filter>Scenes</Filter>
    </ClCompile>
    <ClCompile Include="Scene4.cpp">
      <Filter>Scenes</Filter>
    </ClCompile>
    <ClCompile Include="PWSimulator.cpp">
      <Filter>Scenes</Filter>
    </ClCompile>
    <ClCompile Include="ForceGenerator.cpp">
      <Filter>Forces</Filter>
    </ClCompile>
    <ClCompile Include="ForceRegistry.cpp">
      <Filter>Forces</Filter>
    </ClCompile>
    <ClCompile Include="Particle.cpp">
      <Filter>Particles</Filter>
    </ClCompile>
    <ClCompile Include="ParticleGenerator.cpp">
      <Filter>Particles</Filter>
    </ClCompile>
    <ClCompile Include="ParticleSystem.cpp">
      <Filter>Particles</Filter>
    </ClCompile>
    <ClCompile Include="RenderUtils.cpp">
      <Filter>Render</Filter>
    </ClCompile>
    <ClCompile Include="Scene5.cpp">
      <Filter>Scenes</Filter>
    </ClCompile>
    <ClCompile Include="Solids.cpp">
      <Filter>Particles</Filter>
    </ClCompile>
    <ClCompile Include="SolidsSystem.cpp">
      <Filter>Particles</Filter>
    </ClCompile>
  </ItemGroup>
  <ItemGroup>
    <ClInclude Include="core.hpp" />
    <ClInclude Include="Render\Camera.h">
      <Filter>Render</Filter>
    </ClInclude>
    <ClInclude Include="Render\Render.h">
      <Filter>Render</Filter>
    </ClInclude>
    <ClInclude Include="callbacks.hpp" />
    <ClInclude Include="checkML.h" />
    <ClInclude Include="Scene4.h">
      <Filter>Scenes</Filter>
    </ClInclude>
    <ClInclude Include="Scene.h">
      <Filter>Scenes</Filter>
    </ClInclude>
    <ClInclude Include="Scene1.h">
      <Filter>Scenes</Filter>
    </ClInclude>
    <ClInclude Include="Scene2.h">
      <Filter>Scenes</Filter>
    </ClInclude>
    <ClInclude Include="Scene3.h">
      <Filter>Scenes</Filter>
    </ClInclude>
    <ClInclude Include="PWSimulator.h">
      <Filter>Scenes</Filter>
    </ClInclude>
    <ClInclude Include="ForceGenerator.h">
      <Filter>Forces</Filter>
    </ClInclude>
    <ClInclude Include="ForceRegistry.h">
      <Filter>Forces</Filter>
    </ClInclude>
    <ClInclude Include="Particle.h">
      <Filter>Particles</Filter>
    </ClInclude>
    <ClInclude Include="ParticleGenerator.h">
      <Filter>Particles</Filter>
    </ClInclude>
    <ClInclude Include="ParticleSystem.h">
      <Filter>Particles</Filter>
    </ClInclude>
    <ClInclude Include="ParticleType.h">
      <Filter>Particles</Filter>
    </ClInclude>
    <ClInclude Include="RenderUtils.hpp">
      <Filter>Render</Filter>
    </ClInclude>
    <ClInclude Include="ColorHSV.h">
      <Filter>Particles</Filter>
    </ClInclude>
    <ClInclude Include="Scene5.h">
      <Filter>Scenes</Filter>
    </ClInclude>
    <ClInclude Include="Solids.h">
      <Filter>Particles</Filter>
    </ClInclude>
    <ClInclude Include="SolidsSystem.h">
      <Filter>Particles</Filter>
    </ClInclude>
  </ItemGroup>
  <ItemGroup>
    <Filter Include="Render">
      <UniqueIdentifier>{d04b4f9f-5a69-465e-8070-25c6d0bcd3c2}</UniqueIdentifier>
    </Filter>
    <Filter Include="Scenes">
      <UniqueIdentifier>{066fadea-8203-4ad4-8e1c-a87f7061c5de}</UniqueIdentifier>
    </Filter>
    <Filter Include="Forces">
      <UniqueIdentifier>{2f460383-85b8-4194-8688-5f75ed0da04f}</UniqueIdentifier>
    </Filter>
    <Filter Include="Particles">
      <UniqueIdentifier>{a94c0c77-547f-460a-92e5-b3a93ee15e3f}</UniqueIdentifier>
    </Filter>
  </ItemGroup>
</Project>